
Microsoft Visual Studio Solution File, Format Version 12.00
# Visual Studio Version 17
VisualStudioVersion = 17.1.32228.430
MinimumVisualStudioVersion = 10.0.40219.1
Project("{9A19103F-16F7-4668-BE54-9A1E7A4F7556}") = "Advanced.Net6.Project", "Advanced.Net6.Project\Advanced.Net6.Project.csproj", "{31943192-3434-42F0-AD7D-88E96042236B}"
EndProject
Project("{9A19103F-16F7-4668-BE54-9A1E7A4F7556}") = "Advanced.Net6.ExecServer", "Advanced.Net6.ExecServer\Advanced.Net6.ExecServer.csproj", "{FF6B8608-7258-49CE-87CA-34D3365DF492}"
EndProject
Project("{9A19103F-16F7-4668-BE54-9A1E7A4F7556}") = "Advanced.Net6.DemoIOC", "Advanced.Net6.DemoIOC\Advanced.Net6.DemoIOC.csproj", "{E1BEB633-372F-4DB3-9D58-0DADEB947DE7}"
EndProject
Project("{9A19103F-16F7-4668-BE54-9A1E7A4F7556}") = "Advanced.Net6.Interface", "Advanced.Net6.Interface\Advanced.Net6.Interface.csproj", "{D45A9F3E-6951-4BD8-9402-C29793A1D57C}"
EndProject
Project("{9A19103F-16F7-4668-BE54-9A1E7A4F7556}") = "Advanced.Net6.Service", "Advanced.Net6.Service\Advanced.Net6.Service.csproj", "{51316EC0-009B-4AC1-932D-EEB5B36F7840}"
EndProject
Project("{9A19103F-16F7-4668-BE54-9A1E7A4F7556}") = "AutofacAttribue", "AutofacAttribue\AutofacAttribue.csproj", "{F9EE152A-65F4-4B03-B746-612857F97973}"
EndProject
Project("{9A19103F-16F7-4668-BE54-9A1E7A4F7556}") = "Advanced.Net6.WebApi", "Advanced.Net6.WebApi\Advanced.Net6.WebApi.csproj", "{E3B69293-EEC1-4BA0-98CC-F18F8E3F81E2}"
EndProject
Project("{FAE04EC0-301F-11D3-BF4B-00C04F79EFBC}") = "Advanced.NET6.JWTApi", "Advanced.NET6.JWTApi\Advanced.NET6.JWTApi.csproj", "{0BAB07D1-5000-4F20-822E-3D178C02A75A}"
EndProject
Global
	GlobalSection(SolutionConfigurationPlatforms) = preSolution
		Debug|Any CPU = Debug|Any CPU
		Release|Any CPU = Release|Any CPU
	EndGlobalSection
	GlobalSection(ProjectConfigurationPlatforms) = postSolution
		{31943192-3434-42F0-AD7D-88E96042236B}.Debug|Any CPU.ActiveCfg = Debug|Any CPU
		{31943192-3434-42F0-AD7D-88E96042236B}.Debug|Any CPU.Build.0 = Debug|Any CPU
		{31943192-3434-42F0-AD7D-88E96042236B}.Release|Any CPU.ActiveCfg = Release|Any CPU
		{31943192-3434-42F0-AD7D-88E96042236B}.Release|Any CPU.Build.0 = Release|Any CPU
		{FF6B8608-7258-49CE-87CA-34D3365DF492}.Debug|Any CPU.ActiveCfg = Debug|Any CPU
		{FF6B8608-7258-49CE-87CA-34D3365DF492}.Debug|Any CPU.Build.0 = Debug|Any CPU
		{FF6B8608-7258-49CE-87CA-34D3365DF492}.Release|Any CPU.ActiveCfg = Release|Any CPU
		{FF6B8608-7258-49CE-87CA-34D3365DF492}.Release|Any CPU.Build.0 = Release|Any CPU
		{E1BEB633-372F-4DB3-9D58-0DADEB947DE7}.Debug|Any CPU.ActiveCfg = Debug|Any CPU
		{E1BEB633-372F-4DB3-9D58-0DADEB947DE7}.Debug|Any CPU.Build.0 = Debug|Any CPU
		{E1BEB633-372F-4DB3-9D58-0DADEB947DE7}.Release|Any CPU.ActiveCfg = Release|Any CPU
		{E1BEB633-372F-4DB3-9D58-0DADEB947DE7}.Release|Any CPU.Build.0 = Release|Any CPU
		{D45A9F3E-6951-4BD8-9402-C29793A1D57C}.Debug|Any CPU.ActiveCfg = Debug|Any CPU
		{D45A9F3E-6951-4BD8-9402-C29793A1D57C}.Debug|Any CPU.Build.0 = Debug|Any CPU
		{D45A9F3E-6951-4BD8-9402-C29793A1D57C}.Release|Any CPU.ActiveCfg = Release|Any CPU
		{D45A9F3E-6951-4BD8-9402-C29793A1D57C}.Release|Any CPU.Build.0 = Release|Any CPU
		{51316EC0-009B-4AC1-932D-EEB5B36F7840}.Debug|Any CPU.ActiveCfg = Debug|Any CPU
		{51316EC0-009B-4AC1-932D-EEB5B36F7840}.Debug|Any CPU.Build.0 = Debug|Any CPU
		{51316EC0-009B-4AC1-932D-EEB5B36F7840}.Release|Any CPU.ActiveCfg = Release|Any CPU
		{51316EC0-009B-4AC1-932D-EEB5B36F7840}.Release|Any CPU.Build.0 = Release|Any CPU
		{F9EE152A-65F4-4B03-B746-612857F97973}.Debug|Any CPU.ActiveCfg = Debug|Any CPU
		{F9EE152A-65F4-4B03-B746-612857F97973}.Debug|Any CPU.Build.0 = Debug|Any CPU
		{F9EE152A-65F4-4B03-B746-612857F97973}.Release|Any CPU.ActiveCfg = Release|Any CPU
		{F9EE152A-65F4-4B03-B746-612857F97973}.Release|Any CPU.Build.0 = Release|Any CPU
		{E3B69293-EEC1-4BA0-98CC-F18F8E3F81E2}.Debug|Any CPU.ActiveCfg = Debug|Any CPU
		{E3B69293-EEC1-4BA0-98CC-F18F8E3F81E2}.Debug|Any CPU.Build.0 = Debug|Any CPU
		{E3B69293-EEC1-4BA0-98CC-F18F8E3F81E2}.Release|Any CPU.ActiveCfg = Release|Any CPU
		{E3B69293-EEC1-4BA0-98CC-F18F8E3F81E2}.Release|Any CPU.Build.0 = Release|Any CPU
		{0BAB07D1-5000-4F20-822E-3D178C02A75A}.Debug|Any CPU.ActiveCfg = Debug|Any CPU
		{0BAB07D1-5000-4F20-822E-3D178C02A75A}.Debug|Any CPU.Build.0 = Debug|Any CPU
		{0BAB07D1-5000-4F20-822E-3D178C02A75A}.Release|Any CPU.ActiveCfg = Release|Any CPU
		{0BAB07D1-5000-4F20-822E-3D178C02A75A}.Release|Any CPU.Build.0 = Release|Any CPU
	EndGlobalSection
	GlobalSection(SolutionProperties) = preSolution
		HideSolutionNode = FALSE
	EndGlobalSection
	GlobalSection(ExtensibilityGlobals) = postSolution
		SolutionGuid = {9E036CDC-978A-439F-A0E4-F6FD49FF18AF}
	EndGlobalSection
EndGlobal
